
Microsoft Visual Studio Solution File, Format Version 12.00
# Visual Studio Version 17
VisualStudioVersion = 17.3.32922.545
MinimumVisualStudioVersion = 10.0.40219.1
Project("{FAE04EC0-301F-11D3-BF4B-00C04F79EFBC}") = "UrlShortener", "UrlShortener\UrlShortener.csproj", "{83937F48-2609-4544-95CE-DF812EA555D1}"
EndProject
Global
	GlobalSection(SolutionConfigurationPlatforms) = preSolution
		Debug|Any CPU = Debug|Any CPU
		Release|Any CPU = Release|Any CPU
	EndGlobalSection
	GlobalSection(ProjectConfigurationPlatforms) = postSolution
		{83937F48-2609-4544-95CE-DF812EA555D1}.Debug|Any CPU.ActiveCfg = Debug|Any CPU
		{83937F48-2609-4544-95CE-DF812EA555D1}.Debug|Any CPU.Build.0 = Debug|Any CPU
		{83937F48-2609-4544-95CE-DF812EA555D1}.Release|Any CPU.ActiveCfg = Release|Any CPU
		{83937F48-2609-4544-95CE-DF812EA555D1}.Release|Any CPU.Build.0 = Release|Any CPU
	EndGlobalSection
	GlobalSection(SolutionProperties) = preSolution
		HideSolutionNode = FALSE
	EndGlobalSection
	GlobalSection(ExtensibilityGlobals) = postSolution
		SolutionGuid = {6211E313-E340-4CD2-B2D1-660D4EF87489}
	EndGlobalSection
EndGlobal
